
Microsoft Visual Studio Solution File, Format Version 12.00
# Visual Studio Version 17
VisualStudioVersion = 17.8.34511.84
MinimumVisualStudioVersion = 10.0.40219.1
Project("{9A19103F-16F7-4668-BE54-9A1E7A4F7556}") = "RedCloud", "RedCloud\RedCloud.csproj", "{D6A29842-3E79-49B2-BBB4-178A509B4208}"
EndProject
Project("{2150E333-8FDC-42A3-9474-1A3956D46DE8}") = "src", "src", "{C84ADBD6-A15D-4D46-A2B0-359504D81166}"
EndProject
Project("{2150E333-8FDC-42A3-9474-1A3956D46DE8}") = "API", "API", "{CB603DB5-46A3-4ECA-98FD-7F9DA219A415}"
EndProject
Project("{2150E333-8FDC-42A3-9474-1A3956D46DE8}") = "Core", "Core", "{793CE8EA-B0AF-46B2-88A7-90D9196D8380}"
EndProject
Project("{2150E333-8FDC-42A3-9474-1A3956D46DE8}") = "Infrastructure", "Infrastructure", "{E9EC1DC9-F52B-4256-A68E-07B6CA326552}"
EndProject
Project("{9A19103F-16F7-4668-BE54-9A1E7A4F7556}") = "RedCloud.Application", "RedCloud.Application\RedCloud.Application.csproj", "{5803726E-0DCE-4135-A1AE-DDD8B79BAE75}"
EndProject
Project("{9A19103F-16F7-4668-BE54-9A1E7A4F7556}") = "RedCloud.Domain", "RedCloud.Domain\RedCloud.Domain.csproj", "{033455EB-155A-4674-83FA-17B6F357241C}"
EndProject
Project("{9A19103F-16F7-4668-BE54-9A1E7A4F7556}") = "RedCloud.Identity", "RedCloud.Identity\RedCloud.Identity.csproj", "{3C83797A-1DA1-4BAA-827C-5BCDE83452DB}"
EndProject
Project("{9A19103F-16F7-4668-BE54-9A1E7A4F7556}") = "RedCloud.Infrastructure", "RedCloud.Infrastructure\RedCloud.Infrastructure.csproj", "{C62677AA-AF84-4B5B-AC21-209D9FA5EF33}"
EndProject
Project("{9A19103F-16F7-4668-BE54-9A1E7A4F7556}") = "RedCloud.Persistenence", "RedCloud.Persistenence\RedCloud.Persistenence.csproj", "{AC33D780-B6C2-491E-BD74-175740933115}"
EndProject
Project("{2150E333-8FDC-42A3-9474-1A3956D46DE8}") = "MvcSevices", "MvcSevices", "{9F09D962-E944-434F-9D65-78E17A262546}"
EndProject
Project("{9A19103F-16F7-4668-BE54-9A1E7A4F7556}") = "MvcApiCallingService", "MvcApiCallingService\MvcApiCallingService.csproj", "{24C0174B-AE6A-4867-BAA6-766809D85906}"
EndProject
Project("{FAE04EC0-301F-11D3-BF4B-00C04F79EFBC}") = "RedCloudAPI", "RedCloudAPI\RedCloudAPI.csproj", "{0F40ABBF-50AE-41A6-AEC7-362F53BFAB49}"
EndProject
Global
	GlobalSection(SolutionConfigurationPlatforms) = preSolution
		Debug|Any CPU = Debug|Any CPU
		Release|Any CPU = Release|Any CPU
	EndGlobalSection
	GlobalSection(ProjectConfigurationPlatforms) = postSolution
		{D6A29842-3E79-49B2-BBB4-178A509B4208}.Debug|Any CPU.ActiveCfg = Debug|Any CPU
		{D6A29842-3E79-49B2-BBB4-178A509B4208}.Debug|Any CPU.Build.0 = Debug|Any CPU
		{D6A29842-3E79-49B2-BBB4-178A509B4208}.Release|Any CPU.ActiveCfg = Release|Any CPU
		{D6A29842-3E79-49B2-BBB4-178A509B4208}.Release|Any CPU.Build.0 = Release|Any CPU
		{5803726E-0DCE-4135-A1AE-DDD8B79BAE75}.Debug|Any CPU.ActiveCfg = Debug|Any CPU
		{5803726E-0DCE-4135-A1AE-DDD8B79BAE75}.Debug|Any CPU.Build.0 = Debug|Any CPU
		{5803726E-0DCE-4135-A1AE-DDD8B79BAE75}.Release|Any CPU.ActiveCfg = Release|Any CPU
		{5803726E-0DCE-4135-A1AE-DDD8B79BAE75}.Release|Any CPU.Build.0 = Release|Any CPU
		{033455EB-155A-4674-83FA-17B6F357241C}.Debug|Any CPU.ActiveCfg = Debug|Any CPU
		{033455EB-155A-4674-83FA-17B6F357241C}.Debug|Any CPU.Build.0 = Debug|Any CPU
		{033455EB-155A-4674-83FA-17B6F357241C}.Release|Any CPU.ActiveCfg = Release|Any CPU
		{033455EB-155A-4674-83FA-17B6F357241C}.Release|Any CPU.Build.0 = Release|Any CPU
		{3C83797A-1DA1-4BAA-827C-5BCDE83452DB}.Debug|Any CPU.ActiveCfg = Debug|Any CPU
		{3C83797A-1DA1-4BAA-827C-5BCDE83452DB}.Debug|Any CPU.Build.0 = Debug|Any CPU
		{3C83797A-1DA1-4BAA-827C-5BCDE83452DB}.Release|Any CPU.ActiveCfg = Release|Any CPU
		{3C83797A-1DA1-4BAA-827C-5BCDE83452DB}.Release|Any CPU.Build.0 = Release|Any CPU
		{C62677AA-AF84-4B5B-AC21-209D9FA5EF33}.Debug|Any CPU.ActiveCfg = Debug|Any CPU
		{C62677AA-AF84-4B5B-AC21-209D9FA5EF33}.Debug|Any CPU.Build.0 = Debug|Any CPU
		{C62677AA-AF84-4B5B-AC21-209D9FA5EF33}.Release|Any CPU.ActiveCfg = Release|Any CPU
		{C62677AA-AF84-4B5B-AC21-209D9FA5EF33}.Release|Any CPU.Build.0 = Release|Any CPU
		{AC33D780-B6C2-491E-BD74-175740933115}.Debug|Any CPU.ActiveCfg = Debug|Any CPU
		{AC33D780-B6C2-491E-BD74-175740933115}.Debug|Any CPU.Build.0 = Debug|Any CPU
		{AC33D780-B6C2-491E-BD74-175740933115}.Release|Any CPU.ActiveCfg = Release|Any CPU
		{AC33D780-B6C2-491E-BD74-175740933115}.Release|Any CPU.Build.0 = Release|Any CPU
		{24C0174B-AE6A-4867-BAA6-766809D85906}.Debug|Any CPU.ActiveCfg = Debug|Any CPU
		{24C0174B-AE6A-4867-BAA6-766809D85906}.Debug|Any CPU.Build.0 = Debug|Any CPU
		{24C0174B-AE6A-4867-BAA6-766809D85906}.Release|Any CPU.ActiveCfg = Release|Any CPU
		{24C0174B-AE6A-4867-BAA6-766809D85906}.Release|Any CPU.Build.0 = Release|Any CPU
		{0F40ABBF-50AE-41A6-AEC7-362F53BFAB49}.Debug|Any CPU.ActiveCfg = Debug|Any CPU
		{0F40ABBF-50AE-41A6-AEC7-362F53BFAB49}.Debug|Any CPU.Build.0 = Debug|Any CPU
		{0F40ABBF-50AE-41A6-AEC7-362F53BFAB49}.Release|Any CPU.ActiveCfg = Release|Any CPU
		{0F40ABBF-50AE-41A6-AEC7-362F53BFAB49}.Release|Any CPU.Build.0 = Release|Any CPU
	EndGlobalSection
	GlobalSection(SolutionProperties) = preSolution
		HideSolutionNode = FALSE
	EndGlobalSection
	GlobalSection(NestedProjects) = preSolution
		{CB603DB5-46A3-4ECA-98FD-7F9DA219A415} = {C84ADBD6-A15D-4D46-A2B0-359504D81166}
		{793CE8EA-B0AF-46B2-88A7-90D9196D8380} = {C84ADBD6-A15D-4D46-A2B0-359504D81166}
		{E9EC1DC9-F52B-4256-A68E-07B6CA326552} = {C84ADBD6-A15D-4D46-A2B0-359504D81166}
		{5803726E-0DCE-4135-A1AE-DDD8B79BAE75} = {793CE8EA-B0AF-46B2-88A7-90D9196D8380}
		{033455EB-155A-4674-83FA-17B6F357241C} = {793CE8EA-B0AF-46B2-88A7-90D9196D8380}
		{3C83797A-1DA1-4BAA-827C-5BCDE83452DB} = {E9EC1DC9-F52B-4256-A68E-07B6CA326552}
		{C62677AA-AF84-4B5B-AC21-209D9FA5EF33} = {E9EC1DC9-F52B-4256-A68E-07B6CA326552}
		{AC33D780-B6C2-491E-BD74-175740933115} = {E9EC1DC9-F52B-4256-A68E-07B6CA326552}
		{24C0174B-AE6A-4867-BAA6-766809D85906} = {9F09D962-E944-434F-9D65-78E17A262546}
		{0F40ABBF-50AE-41A6-AEC7-362F53BFAB49} = {CB603DB5-46A3-4ECA-98FD-7F9DA219A415}
	EndGlobalSection
	GlobalSection(ExtensibilityGlobals) = postSolution
		SolutionGuid = {B76919F3-F9D5-48C6-83E5-1D3C23C61C18}
	EndGlobalSection
EndGlobal
